
Microsoft Visual Studio Solution File, Format Version 12.00
# Visual Studio Version 17
VisualStudioVersion = 17.8.34316.72
MinimumVisualStudioVersion = 10.0.40219.1
Project("{2150E333-8FDC-42A3-9474-1A3956D46DE8}") = "Solution Items", "Solution Items", "{3E876539-0BAB-4B3F-9388-15B0FC19AF80}"
	ProjectSection(SolutionItems) = preProject
		.editorconfig = .editorconfig
	EndProjectSection
EndProject
Project("{FAE04EC0-301F-11D3-BF4B-00C04F79EFBC}") = "Experiment.Xceed.CSharp001", "Experiment.Xceed.CSharp001\Experiment.Xceed.CSharp001.csproj", "{D09BEFE2-BD11-4DC8-AA36-8743199CF200}"
EndProject
Project("{FAE04EC0-301F-11D3-BF4B-00C04F79EFBC}") = "Experiment.Xceed.CSharp002", "Experiment.Xceed.CSharp002\Experiment.Xceed.CSharp002.csproj", "{E682443D-D6A6-48AB-93AF-71576F61ECB1}"
EndProject
Global
	GlobalSection(SolutionConfigurationPlatforms) = preSolution
		Debug|Any CPU = Debug|Any CPU
		Release|Any CPU = Release|Any CPU
	EndGlobalSection
	GlobalSection(ProjectConfigurationPlatforms) = postSolution
		{D09BEFE2-BD11-4DC8-AA36-8743199CF200}.Debug|Any CPU.ActiveCfg = Debug|Any CPU
		{D09BEFE2-BD11-4DC8-AA36-8743199CF200}.Debug|Any CPU.Build.0 = Debug|Any CPU
		{D09BEFE2-BD11-4DC8-AA36-8743199CF200}.Release|Any CPU.ActiveCfg = Release|Any CPU
		{D09BEFE2-BD11-4DC8-AA36-8743199CF200}.Release|Any CPU.Build.0 = Release|Any CPU
		{E682443D-D6A6-48AB-93AF-71576F61ECB1}.Debug|Any CPU.ActiveCfg = Debug|Any CPU
		{E682443D-D6A6-48AB-93AF-71576F61ECB1}.Debug|Any CPU.Build.0 = Debug|Any CPU
		{E682443D-D6A6-48AB-93AF-71576F61ECB1}.Release|Any CPU.ActiveCfg = Release|Any CPU
		{E682443D-D6A6-48AB-93AF-71576F61ECB1}.Release|Any CPU.Build.0 = Release|Any CPU
	EndGlobalSection
	GlobalSection(SolutionProperties) = preSolution
		HideSolutionNode = FALSE
	EndGlobalSection
	GlobalSection(ExtensibilityGlobals) = postSolution
		SolutionGuid = {1B5DA2F8-EA90-469B-9080-46F9A6F5F6F9}
	EndGlobalSection
EndGlobal
